{
    "_meta": {
        "hash": {
            "sha256": "62f164de9046ba16f8196827e94d0eceb1f012623cae34cff9e76b34887184cc"
        },
        "pipfile-spec": 6,
        "requires": {
            "python_version": "3.12"
        },
        "sources": [
            {
                "name": "pypi",
                "url": "https://pypi.python.org/simple",
                "verify_ssl": true
            }
        ]
    },
    "default": {
        "beautifulsoup4": {
            "hashes": [
                "sha256:74e3d1928edc070d21748185c46e3fb33490f22f52a3addee9aee0f4f7781051",
                "sha256:b80878c9f40111313e55da8ba20bdba06d8fa3969fc68304167741bbf9e082ed"
            ],
            "index": "pypi",
            "markers": "python_full_version >= '3.6.0'",
            "version": "==4.12.3"
        },
        "bs4": {
            "hashes": [
                "sha256:a48685c58f50fe127722417bae83fe6badf500d54b55f7e39ffe43b798653925",
                "sha256:abf8742c0805ef7f662dce4b51cca104cffe52b835238afc169142ab9b3fbccc"
            ],
            "index": "pypi",
            "version": "==0.0.2"
        },
        "fuzzywuzzy": {
            "hashes": [
                "sha256:45016e92264780e58972dca1b3d939ac864b78437422beecebb3095f8efd00e8",
                "sha256:928244b28db720d1e0ee7587acf660ea49d7e4c632569cad4f1cd7e68a5f0993"
            ],
            "index": "pypi",
            "version": "==0.18.0"
        },
        "html5lib": {
            "hashes": [
                "sha256:0d78f8fde1c230e99fe37986a60526d7049ed4bf8a9fadbad5f00e22e58e041d",
                "sha256:b2e5b40261e20f354d198eae92afc10d750afb487ed5e50f9c4eaf07c184146f"
            ],
            "index": "pypi",
            "markers": "python_version >= '2.7' and python_version not in '3.0, 3.1, 3.2, 3.3, 3.4'",
            "version": "==1.1"
        },
        "levenshtein": {
            "hashes": [
                "sha256:026f817fad032c41e177416082150eb15617607045616e71ed18915e80a715e1",
                "sha256:02cc9698fd7160c1950a8bb3c58a7fb4c9dbfd5e2f252c79e2e4d0386094db78",
                "sha256:0490e763b6f8f681c780609fd8d214afc30155f8e51d9abe84b04b4cf22872a4",
                "sha256:084c6cdf659d7eca1d4ea4d15893c3c04a9bed8f78b598d8e55ec5ee6ea2f761",
                "sha256:08ef2e2d2a2e4d645e431f61e402285b076c2b694dfc9dbbd8b3fb6cc226ef30",
                "sha256:0936cbef6b3d0643c24295565a9eb8f29315fdf38ceda6c61eaa84b9d0822bf5",
                "sha256:0bca15031e6b684f82003c9a399172fac6e215410d385f026a07165c69e75fd5",
                "sha256:0bf1e19761c7261e72f8bea0e1593fbd4d7463aebf6484b640217aec2555049b",
                "sha256:12de26c3f694bfb0757897a7e555cd1569dda2b680e57748f5f7c0a546cb0e02",
                "sha256:13985784b12f726df39eed340b5ba883271856da3419e98823c5c46cdc1f6ea9",
                "sha256:1ed0eea12fa60418572e639e5c0e076833d33834b473d2d419a0bba39644f91a",
                "sha256:244341d18fc980b4fc18b395c17951a0342aba7cb9fda627e4d072b4053163a6",
                "sha256:2534c9e583eae4831fdaa6f7fd129ebcf7f9a01129531d86bb08a467f3f23752",
                "sha256:26111ab69e08379b6fbafe84e4ae1b5f6388f649d95a99b21871aee6ac29a7cf",
                "sha256:28f45bc68e23e21f56e981a4aa9c493eff8b50047c50dbfa6a12efb6bad16d12",
                "sha256:2ca472bffa83e68e9d73f96eb4fc67527614522d43c3be1a74f36ea12163c671",
                "sha256:2f8046b7ffc9eac4ce1539f2d4083f9ad0fc9ab9d7a74d74eb2275743f0e7628",
                "sha256:3065b26f62e6340bd437875018e417c3b7bb8461ab4447ab58519843f42b6514",
                "sha256:34fe20af42dbe594957ba0e9311eefb744a06958f020798450e7d570c04145a3",
                "sha256:3657ad0ec8426ade2580d92b60b7b057de7fbc8973a0115ff63d0705e873ef4f",
                "sha256:39089d9283dbf86f69e701121060e5e3fa05984032e743a75adba6479b2e2b5c",
                "sha256:3987cbcc947e92627b7eba5cbaba31f1bc7e6f09b4367b9e82b45fe243ddb761",
                "sha256:39ca459608c5d21b32514a1c038e18107a78df656d466a002ee0b630b6110dcc",
                "sha256:3a7161fca7a45c8137f745ea3fa739603f1afbf25c44c6b702f2c7a9c1d58102",
                "sha256:3c3d013b109fb3190db16658b3217feb3ed0251d0b4bcc4092834b5487c444d3",
                "sha256:3f198eccfdaf17b805ea036109195c5151e5467f0e60b506765e9fb87928c6fa",
                "sha256:4016d7665c9bf7735d954e9bdb332745fd28b913ea01be7add705d1f458b5c9e",
                "sha256:40e48975f31e560c6f7f6e8d79ea4a7b4b090987e89da133f8fa90d9eddcae0b",
                "sha256:46fc85b0093c6c4ee522c786ca778e1e807670e3208a286b53221047d9f2bb22",
                "sha256:5036edc7bcff3570105bad59c77d959b84413b3556329dbd17fa98a92ad77a5e",
                "sha256:507d9d50cacedaceada4f97a24d5cdf8a28fa38c78e16b9e67e77f0c9bdd1fb1",
                "sha256:515402d377332699c729e112237ec7dc04b735a76cff03d19b1d16b121bcb71d",
                "sha256:58f42e79bf98ffca3dbb16740969604f75cbd14e32cbecb2183f8d4ffd7cdbb1",
                "sha256:5b9cdd6ccf91a94a17716b515bbc00d4303b6923bafd55737e905b88ae08f946",
                "sha256:62dd3c4fb48699f7aa8de7cd664c8e4e15288273c1a46aa0279d7387b5b7820b",
                "sha256:62e2b57793cc1af53dd046e950987b4f27f138bdb48965bb088eea400570031c",
                "sha256:699eec3d4c755c23c7a9fa24980a1fe9d81978253f75a502d0ad8c9b6521b514",
                "sha256:6e05e387bde5e456e95c077b648f730597b98c3e99a5143a268e0750152b5843",
                "sha256:6ec9e60a0619d7a8e1f8003932088a22c39c03b5f1c4eb6525a012c54057b123",
                "sha256:719a7c859dc35722399c71e76dcbc6d1300ba023777755a1d26b77bf3243e537",
                "sha256:719b3a09214702ac9dd54c4dee4446a218e40948bedef248077e2c90890c2b06",
                "sha256:72dd10b20cd6608804afe3dddee43966722d957e976d605e562fb21e44968829",
                "sha256:78f16e25acc64f9c65ede1fba24baa8df0827d8eb93e68a2c7863ca429bc4297",
                "sha256:79b21bdbdb22fb40ea01676b3a92875f1bef268f5ced15672a8ad916563ace70",
                "sha256:7c534fc44b677d0a526c75f11e43178ca54a210dd06e6d25274f4a64574fe580",
                "sha256:7c965677e8c0725de4e70b6de3d4cb06e5f9a4c508a7c76b32bb0e5a8bda527e",
                "sha256:7cea491c614c1107f216cd972adfee4c1f9f7bf96eb223b0940a5918d55091b1",
                "sha256:80a7005d21dca111dd9ed9a5f40fa3a17411914717e5a23d6b1fa87bf7f98bbf",
                "sha256:84d9ab58f663efad5af9bbf1f83d7d86f7a28485a47c1ae689bf768bf1cf62a5",
                "sha256:874b6da533198d84a35e1bc18161b2ad0df09a80a3464b0714de4069637ebd1b",
                "sha256:884e9adde78d88238ec15eb316e9a55a50c36c4a049c89ebd0f861efdbfb0b74",
                "sha256:8894dba28c8b29e4dff9e31c5fac99e600e8deb5d757ae2ad1f36a517cb517a6",
                "sha256:8a45c0a2c699cee760c03d0a77b320dc3c271b6644a294e317361fb5612dfe76",
                "sha256:8b8f4ff207714188e56327f1d590be406035c6211863402f4c9c08b8e8c59839",
                "sha256:8ce34cae24199b85424e057982c327157e2728c5278551371c65aff932733f04",
                "sha256:8ec94b31f47be07005c63b6feaee64208326daefed2245f2818d557c0f8e6dc2",
                "sha256:9011755a7e6dd4528ebb4c6f3aacd083b3b40392629b5ca12c74dd86094ede84",
                "sha256:992434407f85cfb2516ac1624f1471435a1479b1021fcdd3d0bab9b36613ab85",
                "sha256:9be8e3eac7d01bdd744afd323acce48c747330bfc89b710d074f6ec2e58bc9cf",
                "sha256:a0166fd91039d1d17329e59523b35bf6783f7a1719d1df06910cc4b6f2af9271",
                "sha256:a6e4d8f245478f21329f8e3b29caac7a8a177fd176e2e159606b12d58ffd3bf8",
                "sha256:aa126fcfc60e98dcad7bb6c668aa02d95a0359194c13011084eb990e80a1b607",
                "sha256:ac6f976d943f7f5255651a6885bfad7a2e11862fa3adfc121b02fbe45ac81fa1",
                "sha256:ae37fdb9ac362ba7f84ca6702ef13136b3cb649b34718365a67c43d66a912238",
                "sha256:af9dfbf0e7d7968782bd6a2676df825f37ef533b4a6cb1c8e8397aa12e80c8e2",
                "sha256:b13cead5b3cfb14072f19e929853e74f24aff38d7e95a4602cd7e45dfe4b0fa9",
                "sha256:b6a770e1da094ebd0fae4e4b10d7cf7bc3213df8eed467fcdecbc6772089581f",
                "sha256:b6c150ba7fd5243ebfd65b88779504c8000a2ca53f693417db7ad36fed1368c2",
                "sha256:bb25fb5aff64e83bb5e343afcf1dc4921622c87d149ecb6596e6e359976f3865",
                "sha256:bdcdb36b11988785698739172e08f97d6e0ccfbdd87031352f91ad06008d8b1e",
                "sha256:c73b92d9a6f01e595ce63268f654e094f5c8c98dd1c84c161fab011999f75651",
                "sha256:ca0cb57e17af9ff3625811de1401aa3c21194badf33fedce442a422c212508b8",
                "sha256:ca0f9966ff84acd779a51d16f8a46565f14b0a3292eb98b11c12537e92fc91f2",
                "sha256:cc00c35bb38e1e3214bb92f515c16742d6d90d26bd46a6faa5d2d3b7fafc3fef",
                "sha256:d444f6e9e461e948d7262fd25fd1a0692c413ebd6f6a64eaaa7724b8646405eb",
                "sha256:d507bd0cb47fcf41ddbfb0df746f35354c6af4ebccb4fd1a646d6848da42133e",
                "sha256:da13060a78ed723de33757aeddec163a25964748867c3dff01842e48661bc359",
                "sha256:dad142561e62f8f3af68533cf79411ccb29ceda4bd9e223d47b63219688c1bc6",
                "sha256:e04ba617a4c6f62468aaa30f5a72fbca993b8713718034aa307eb8ab482a3584",
                "sha256:e4f6efdbb7381177f80fd24be7622d45c20144cdf6495302b413628710ce91c5",
                "sha256:e54dc81c1040acab1456756c217bb998bb5276c1fe32534d543b152bc53ee95a",
                "sha256:ea837e7b5756b1f1a6d4b333899e372d0a3cf6e7d7b29523f78875d609b49b33",
                "sha256:f02ff8f80458737060ccdb23666fc5f8335641e0131794419ab590d808f2e22f",
                "sha256:f499a2edb00bb2650f0fe2403ff551fca05b2ba6c7e4af7576c79ab15c9ece88",
                "sha256:f60e15a2b0a16222414206f63e47f18863c9a98941815d6e80abdfe05e2082a1",
                "sha256:f65744adc3bbb677c04b9eebb48f7a783a84cea2cc9a407d8e6991a80bc2cfb0",
                "sha256:f74f0b1bcf248d2385d367d18d140f644854b979b010a38e25676c50efb8900c",
                "sha256:fb22f81e8a5b22506635acd57fe6b04d4ae5606fb795fc2c4d294dd6fa0d1a85",
                "sha256:fdf8f068a382ba52f2845f75dac84ba8908add5352a883a76aeead28e8021954",
                "sha256:ff9bb0f3e0f9d0b8c2f3df803d90142d9cf01cf3507017d9d5044ae12735179e"
            ],
            "markers": "python_version >= '3.8'",
            "version": "==0.25.0"
        },
        "numpy": {
            "hashes": [
                "sha256:03a8c78d01d9781b28a6989f6fa1bb2c4f2d51201cf99d3dd875df6fbd96b23b",
                "sha256:08beddf13648eb95f8d867350f6a018a4be2e5ad54c8d8caed89ebca558b2818",
                "sha256:1af303d6b2210eb850fcf03064d364652b7120803a0b872f5211f5234b399f20",
                "sha256:1dda2e7b4ec9dd512f84935c5f126c8bd8b9f2fc001e9f54af255e8c5f16b0e0",
                "sha256:2a02aba9ed12e4ac4eb3ea9421c420301a0c6460d9830d74a9df87efa4912010",
                "sha256:2e4ee3380d6de9c9ec04745830fd9e2eccb3e6cf790d39d7b98ffd19b0dd754a",
                "sha256:3373d5d70a5fe74a2c1bb6d2cfd9609ecf686d47a2d7b1d37a8f3b6bf6003aea",
                "sha256:47711010ad8555514b434df65f7d7b076bb8261df1ca9bb78f53d3b2db02e95c",
                "sha256:4c66707fabe114439db9068ee468c26bbdf909cac0fb58686a42a24de1760c71",
                "sha256:50193e430acfc1346175fcbdaa28ffec49947a06918b7b92130744e81e640110",
                "sha256:52b8b60467cd7dd1e9ed082188b4e6bb35aa5cdd01777621a1658910745b90be",
                "sha256:60dedbb91afcbfdc9bc0b1f3f402804070deed7392c23eb7a7f07fa857868e8a",
                "sha256:62b8e4b1e28009ef2846b4c7852046736bab361f7aeadeb6a5b89ebec3c7055a",
                "sha256:666dbfb6ec68962c033a450943ded891bed2d54e6755e35e5835d63f4f6931d5",
                "sha256:675d61ffbfa78604709862923189bad94014bef562cc35cf61d3a07bba02a7ed",
                "sha256:679b0076f67ecc0138fd2ede3a8fd196dddc2ad3254069bcb9faf9a79b1cebcd",
                "sha256:7349ab0fa0c429c82442a27a9673fc802ffdb7c7775fad780226cb234965e53c",
                "sha256:7ab55401287bfec946ced39700c053796e7cc0e3acbef09993a9ad2adba6ca6e",
                "sha256:7e50d0a0cc3189f9cb0aeb3a6a6af18c16f59f004b866cd2be1c14b36134a4a0",
                "sha256:95a7476c59002f2f6c590b9b7b998306fba6a5aa646b1e22ddfeaf8f78c3a29c",
                "sha256:96ff0b2ad353d8f990b63294c8986f1ec3cb19d749234014f4e7eb0112ceba5a",
                "sha256:9fad7dcb1aac3c7f0584a5a8133e3a43eeb2fe127f47e3632d43d677c66c102b",
                "sha256:9ff0f4f29c51e2803569d7a51c2304de5554655a60c5d776e35b4a41413830d0",
                "sha256:a354325ee03388678242a4d7ebcd08b5c727033fcff3b2f536aea978e15ee9e6",
                "sha256:a4abb4f9001ad2858e7ac189089c42178fcce737e4169dc61321660f1a96c7d2",
                "sha256:ab47dbe5cc8210f55aa58e4805fe224dac469cde56b9f731a4c098b91917159a",
                "sha256:afedb719a9dcfc7eaf2287b839d8198e06dcd4cb5d276a3df279231138e83d30",
                "sha256:b3ce300f3644fb06443ee2222c2201dd3a89ea6040541412b8fa189341847218",
                "sha256:b97fe8060236edf3662adfc2c633f56a08ae30560c56310562cb4f95500022d5",
                "sha256:bfe25acf8b437eb2a8b2d49d443800a5f18508cd811fea3181723922a8a82b07",
                "sha256:cd25bcecc4974d09257ffcd1f098ee778f7834c3ad767fe5db785be9a4aa9cb2",
                "sha256:d209d8969599b27ad20994c8e41936ee0964e6da07478d6c35016bc386b66ad4",
                "sha256:d5241e0a80d808d70546c697135da2c613f30e28251ff8307eb72ba696945764",
                "sha256:edd8b5fe47dab091176d21bb6de568acdd906d1887a4584a15a9a96a1dca06ef",
                "sha256:f870204a840a60da0b12273ef34f7051e98c3b5961b61b0c2c1be6dfd64fbcd3",
                "sha256:ffa75af20b44f8dba823498024771d5ac50620e6915abac414251bd971b4529f"
            ],
            "markers": "python_version >= '3.12'",
            "version": "==1.26.4"
        },
        "pandas": {
            "hashes": [
                "sha256:04f6ec3baec203c13e3f8b139fb0f9f86cd8c0b94603ae3ae8ce9a422e9f5bee",
                "sha256:06cf591dbaefb6da9de8472535b185cba556d0ce2e6ed28e21d919704fef1a9e",
                "sha256:0ab90f87093c13f3e8fa45b48ba9f39181046e8f3317d3aadb2fffbb1b978572",
                "sha256:0f573ab277252ed9aaf38240f3b54cfc90fff8e5cab70411ee1d03f5d51f3944",
                "sha256:101d0eb9c5361aa0146f500773395a03839a5e6ecde4d4b6ced88b7e5a1a6403",
                "sha256:11940e9e3056576ac3244baef2fedade891977bcc1cb7e5cc8f8cc7d603edc89",
                "sha256:1ba21b1d5c0e43416218db63037dbe1a01fc101dc6e6024bcad08123e48004ab",
                "sha256:4aa1d8707812a658debf03824016bf5ea0d516afdea29b7dc14cf687bc4d4ec6",
                "sha256:4acf681325ee1c7f950d058b05a820441075b0dd9a2adf5c4835b9bc056bf4fb",
                "sha256:53680dc9b2519cbf609c62db3ed7c0b499077c7fefda564e330286e619ff0dd9",
                "sha256:739cc70eaf17d57608639e74d63387b0d8594ce02f69e7a0b046f117974b3019",
                "sha256:76f27a809cda87e07f192f001d11adc2b930e93a2b0c4a236fde5429527423be",
                "sha256:7d2ed41c319c9fb4fd454fe25372028dfa417aacb9790f68171b2e3f06eae8cd",
                "sha256:88ecb5c01bb9ca927ebc4098136038519aa5d66b44671861ffab754cae75102c",
                "sha256:8df8612be9cd1c7797c93e1c5df861b2ddda0b48b08f2c3eaa0702cf88fb5f88",
                "sha256:94e714a1cca63e4f5939cdce5f29ba8d415d85166be3441165edd427dc9f6bc0",
                "sha256:9bd8a40f47080825af4317d0340c656744f2bfdb6819f818e6ba3cd24c0e1397",
                "sha256:9d1265545f579edf3f8f0cb6f89f234f5e44ba725a34d86535b1a1d38decbccc",
                "sha256:a935a90a76c44fe170d01e90a3594beef9e9a6220021acfb26053d01426f7dc2",
                "sha256:af5d3c00557d657c8773ef9ee702c61dd13b9d7426794c9dfeb1dc4a0bf0ebc7",
                "sha256:c2ce852e1cf2509a69e98358e8458775f89599566ac3775e70419b98615f4b06",
                "sha256:c38ce92cb22a4bea4e3929429aa1067a454dcc9c335799af93ba9be21b6beb51",
                "sha256:c391f594aae2fd9f679d419e9a4d5ba4bce5bb13f6a989195656e7dc4b95c8f0",
                "sha256:c70e00c2d894cb230e5c15e4b1e1e6b2b478e09cf27cc593a11ef955b9ecc81a",
                "sha256:df0c37ebd19e11d089ceba66eba59a168242fc6b7155cba4ffffa6eccdfb8f16",
                "sha256:e97fbb5387c69209f134893abc788a6486dbf2f9e511070ca05eed4b930b1b02",
                "sha256:f02a3a6c83df4026e55b63c1f06476c9aa3ed6af3d89b4f04ea656ccdaaaa359",
                "sha256:f821213d48f4ab353d20ebc24e4faf94ba40d76680642fb7ce2ea31a3ad94f9b",
                "sha256:f9d3558d263073ed95e46f4650becff0c5e1ffe0fc3a015de3c79283dfbdb3df"
            ],
            "index": "pypi",
            "markers": "python_version >= '3.9'",
            "version": "==2.2.1"
        },
        "python-dateutil": {
            "hashes": [
                "sha256:37dd54208da7e1cd875388217d5e00ebd4179249f90fb72437e91a35459a0ad3",
                "sha256:a8b2bc7bffae282281c8140a97d3aa9c14da0b136dfe83f850eea9a5f7470427"
            ],
            "markers": "python_version >= '2.7' and python_version not in '3.0, 3.1, 3.2'",
            "version": "==2.9.0.post0"
        },
        "python-levenshtein": {
            "hashes": [
                "sha256:6b826b0f14f3191fd04cc6e151ec7aa5b4c2de0607091154995df81913893b65",
                "sha256:fc4a985d664b307f3b7f245d25f28236ece41c039de894f0e26e77614b0eef68"
            ],
            "index": "pypi",
            "markers": "python_version >= '3.8'",
            "version": "==0.25.0"
        },
        "pytz": {
            "hashes": [
                "sha256:2a29735ea9c18baf14b448846bde5a48030ed267578472d8955cd0e7443a9812",
                "sha256:328171f4e3623139da4983451950b28e95ac706e13f3f2630a879749e7a8b319"
            ],
            "version": "==2024.1"
        },
        "rapidfuzz": {
            "hashes": [
                "sha256:012221629d54d3bee954148247f711eb86d4d390b589ebfe03172ea0b37a7531",
                "sha256:080cb71b50cb6aff11d1c6aeb157f273e2da0b2bdb3f9d7b01257e49e69a8576",
                "sha256:153d065e353371cc0aeff32b99999a5758266a64e958d1364189367c1c9f6814",
                "sha256:16270b5529de83b7bae7457e952e4d9cf3fbf029a837dd32d415bb9e0eb8e599",
                "sha256:1b86b93d93020c2b3edc1665d75c8855784845fc0a739b312c26c3a4bf0c80d5",
                "sha256:1c54d3c85e522d3ac9ee39415f183c8fa184c4f87e7e5a37938f15a6d50e853a",
                "sha256:1df2faf80201952e252413b6fac6f3e146080dcebb87bb1bb722508e67558ed8",
                "sha256:1dfe4c24957474ce0ac75d886387e30e292b4be39228a6d71f76de414dc187db",
                "sha256:259364199cbfeca33b1af369fc7951f71717aa285184a3fa5a7b1772da1b89db",
                "sha256:28243086ed0e50808bb56632e5442c457241646aeafafd501ac87901f40a3237",
                "sha256:28c011fb31f2c3f82f503aedd6097d3d3854e574e327a119a3b7eb2cf90b79ca",
                "sha256:2a46220f86a5f9cb016af31525e0d0865cad437d02239aa0d8aed2ab8bff1f1c",
                "sha256:2acd2514defce81e6ff4bbff50252d5e7df8e85a731442c4b83e44c86cf1c916",
                "sha256:2d580d937146e803c8e5e1b87916cab8d6f84013b6392713e201efcda335c7d8",
                "sha256:3168ff565d4b8c239cf11fb604dd2507d30e9bcaac76a4077c0ac23cf2c866ed",
                "sha256:337e357f693130c4c6be740652542b260e36f622c59e01fa33d58f1d2750c930",
                "sha256:3549123fca5bb817341025f98e8e49ca99f84596c7c4f92b658f8e5836040d4a",
                "sha256:354ad5fe655beb7b279390cb58334903931c5452ecbad1b1666ffb06786498e2",
                "sha256:35aeac852bca06023d6bbd50c1fc504ca5a9a3613d5e75a140f0be7601fa34ef",
                "sha256:35bd4bc9c40e6994c5d6edea4b9319388b4d9711c13c66d543bb4c37624b4184",
                "sha256:36ce7b68a7b90b787cdd73480a68d2f1ca63c31a3a9d5a79a8736f978e1e9344",
                "sha256:380586664f2f63807050ddb95e7702888b4f0b425abf17655940c411f39287ad",
                "sha256:3ae7c86914cb6673e97e187ba431b9c4cf4177d9ae77f8a1e5b2ba9a5628839e",
                "sha256:3c1dc078ef371fce09f9f3eec2ca4eaa2a8cd412ec53941015b4f39f14d34407",
                "sha256:4209816626d8d6ff8ae7dc248061c6059e618b70c6e6f6e4d7444ae3740b2b85",
                "sha256:423c7c588b09d618601097b7a0017dfcb91132a2076bef29023c5f3cd2dc3de1",
                "sha256:48e1eaea8fcd522fca7f04f0480663f0f0cfb77957092cce60a93f4462864996",
                "sha256:495c0d8e14e6f12520eb7fc71b9ba9fcaafb47fc23a654e6e89b6c7985ec0020",
                "sha256:4c279928651ce0e9e5220dcb25a00cc53b65e592a0861336a38299bcdca3a596",
                "sha256:4edcceebb85ebfa49a3ddcde20ad891d36c08dc0fd592efdab0e7d313a4e36af",
                "sha256:4fcfa23b5553b27f4016df77c53172ea743454cf12c28cfa7c35a309a2be93b3",
                "sha256:53597fd72a9340bcdd80d3620f4957c2b92f9b569313b969a3abdaffd193aae6",
                "sha256:5378c04102c7f084cde30a100154fa6d7e2baf0d51a6bdd2f912545559c1fb35",
                "sha256:617949a70150e6fffdaed19253dd49f7a53528411dc8bf7663d499ba21e0f61e",
                "sha256:62df2136068e2515ed8beb01756381ff62c29384d785e3bf46e3111d4ea3ba1e",
                "sha256:6440ed0b3007c1c9286b0b88fe2ab2d9e83edd60cd62293b3dfabb732b4e8a30",
                "sha256:6468f8bc8c3c50604f43631550ef9cfec873515dba5023ca34d461be94669fc8",
                "sha256:6478f7803efebf5f644d0b758439c5b25728550fdfbb19783d150004c46a75a9",
                "sha256:66b008bf2972740cd2dda5d382eb8bdb87265cd88198e71c7797bdc0d1f79d20",
                "sha256:673ba2c343644805acdae1cb949c6a4de71aa2f62a998978551ebea59603af3f",
                "sha256:6d67b649bf3e1b1722d04eca44d37919aef88305ce7ad05564502d013cf550fd",
                "sha256:6ee98d88ae9ccc77ff61992ed33b2496478def5dc0da55c9a9aa06fcb725a352",
                "sha256:7382c90170f60c846c81a07ddd80bb2e8c43c8383754486fa37f67391a571897",
                "sha256:74c6773b11445b5e5cf93ca383171cd0ac0cdeafea11a7b2a5688f8bf8d813e6",
                "sha256:7d830bc7a9b586a374147ec60b08b1f9ae5996b43f75cc514f37faef3866b519",
                "sha256:7f18397c8d6a65fc0b288d2fc29bc7baeea6ba91eeb95163a3cd98f23cd3bc85",
                "sha256:7f9fa14136a5b0cba1ec42531f7c3e0b0d3edb7fd6bc5e5ae7b498541f3855ab",
                "sha256:80e51b22a7da83f9c87a97e92df07ed0612c74c35496590255f4b5d5b4212dfe",
                "sha256:81a630ed2fc3ec5fc7400eb66bab1f87e282b4d47f0abe3e48c6634dfa13b5e4",
                "sha256:824cc381cf81cbf8d158f6935664ec2a69e6ac3b1d39fa201988bf81a257f775",
                "sha256:84c1032ae42628465b7a5cc35249906061e18a8193c9c27cbd2db54e9823a9a6",
                "sha256:85a5b6e026393fe39fb61146b9c17c5af66fffbe1410e992c4bb06d9ec327bd3",
                "sha256:87ac3a87f2251ae2e95fc9478ca5c759de6d141d04c84d3fec9f9cdcfc167b33",
                "sha256:95a49c6b8bf1229743ae585dd5b7d57f0d15a7eb6e826866d5c9965ba958503c",
                "sha256:9a07dffac439223b4f1025dbfc68f4445a3460a859309c9858c2a3fa29617cdc",
                "sha256:9a74102fc5a2534fe91f7507838623e1f3a149d8e05648389c42bb42e14b1c3f",
                "sha256:9bcc91ebd8fc69a6bd3b5711c8250f5f4e70606b4da75ef415f57ad209978205",
                "sha256:9d457c89bac1471442002e70551e8268e639b3870b4a4521eae363c07253be87",
                "sha256:a5637e6bf11b15b5aff6ee818c76bdec99ad208511b78985e6209ba648a6e3ee",
                "sha256:a7895e04a22d6515bc91a850e0831f2405547605aa311d1ffec51e4818abc3c1",
                "sha256:a945567c2b0b6e069454c9782d5234b0b6795718adf7a9f868bd3144afa6a023",
                "sha256:ab269adfc64480f209e99f253391a10735edd5c09046e04899adab5fb132f20e",
                "sha256:af7c19ec86e11488539380d3db1755be5d561a3c0e7b04ff9d07abd7f9a8e9d8",
                "sha256:b593cc51aed887e93b78c2f94dfae9008be2b23d17afd3b1f1d3eb3913b58f26",
                "sha256:bd82f9838519136b7083dd1e3149ee80344521f3dc37f744f227505ff0883efb",
                "sha256:be69f7fd46b5c6467fe5e2fd4cff3816b0c03048eed8a4becb9a73e6000960e7",
                "sha256:bec353f022011e6e5cd28ccb8700fbd2a33918197af0d4e0abb3c3f4845cc864",
                "sha256:c17c5efee347a40a6f4c1eec59e3d7d1e22f7613a97f8b8a07733ef723483a04",
                "sha256:cbd5894f23fdf5697499cf759523639838ac822bd1600e343fdce7313baa02ae",
                "sha256:cda81d0e0ce0c13abfa46b24e10c1e85f9c6acb628f0a9a948f5779f9c2076a2",
                "sha256:cf911e792ab0c431694c9bf2648afabfd92099103f2e31492893e078ddca5e1a",
                "sha256:d07899506a5a8760448d9df036d528b55a554bf571714173635c79eef4a86e58",
                "sha256:d41dd59a70decfce6595315367a2fea2af660d92a9d144acc6479030501014d7",
                "sha256:d4f6de745fe6ce46a422d353ee10599013631d7d714a36d025f164b2d4e8c000",
                "sha256:d57b98013b802621bbc8b12a46bfc9d36ac552ab51ca207f7ce167ad46adabeb",
                "sha256:d8e5a437b9089df6242a718d9c31ab1742989e9400a0977af012ef483b63b4c2",
                "sha256:dbee7f5ff11872b76505cbd87c814abc823e8757f11c69062eb3b25130a283da",
                "sha256:ddc380ffaa90f204cc9ddcb779114b9ab6f015246d549de9d47871a97ef9f18a",
                "sha256:de8adc12161bf282c60f12dc9233bb31632f71d446a010fe7469a69b8153427f",
                "sha256:e06f6d270112f5db001f1cba5a97e1a48aee3d3dbdcbea3ec027c230462dbf9b",
                "sha256:e1507fc5769aa109dda4de3a15f822a0f6a03e18d627bd0ba3ddbb253cf70e07",
                "sha256:e48dde8ca83d11daa00900cf6a5d281a1297aef9b7bfa73801af6e8822be5019",
                "sha256:e706f302c6a3ae0d74edd0d6ace46aee1ae07c563b436ccf5ff04db2b3571e60",
                "sha256:eb2e51d01b9c6d6954a3e055c57a80d4685b4fc82719db5519fc153566bcd6bb",
                "sha256:ed52461ae5a9ea4c400d38e2649c74a413f1a6d8fb8308b66f1fbd122514732f",
                "sha256:ef3925daaa93eed20401012e219f569ff0c039ed5bf4ce2d3737b4f75d441622",
                "sha256:f31314fd2e2f3dc3e519e6f93669462ce7953df2def1c344aa8f5345976d0eb2",
                "sha256:f3a70f341c4c111bad910d2df69c78577a98af140319a996af24c9385939335d",
                "sha256:f8b77779174b1b40aa70827692571ab457061897846255ad7d5d559e2edb1932",
                "sha256:fe2a68be734e8e88af23385c68d6467e15818b6b1df1cbfebf7bff577226c957"
            ],
            "markers": "python_version >= '3.8'",
            "version": "==3.6.2"
        },
        "scipy": {
            "hashes": [
                "sha256:196ebad3a4882081f62a5bf4aeb7326aa34b110e533aab23e4374fcccb0890dc",
                "sha256:408c68423f9de16cb9e602528be4ce0d6312b05001f3de61fe9ec8b1263cad08",
                "sha256:4bf5abab8a36d20193c698b0f1fc282c1d083c94723902c447e5d2f1780936a3",
                "sha256:4c1020cad92772bf44b8e4cdabc1df5d87376cb219742549ef69fc9fd86282dd",
                "sha256:5adfad5dbf0163397beb4aca679187d24aec085343755fcdbdeb32b3679f254c",
                "sha256:5e32847e08da8d895ce09d108a494d9eb78974cf6de23063f93306a3e419960c",
                "sha256:6546dc2c11a9df6926afcbdd8a3edec28566e4e785b915e849348c6dd9f3f490",
                "sha256:730badef9b827b368f351eacae2e82da414e13cf8bd5051b4bdfd720271a5371",
                "sha256:75ea2a144096b5e39402e2ff53a36fecfd3b960d786b7efd3c180e29c39e53f2",
                "sha256:78e4402e140879387187f7f25d91cc592b3501a2e51dfb320f48dfb73565f10b",
                "sha256:8b8066bce124ee5531d12a74b617d9ac0ea59245246410e19bca549656d9a40a",
                "sha256:8bee4993817e204d761dba10dbab0774ba5a8612e57e81319ea04d84945375ba",
                "sha256:913d6e7956c3a671de3b05ccb66b11bc293f56bfdef040583a7221d9e22a2e35",
                "sha256:95e5c750d55cf518c398a8240571b0e0782c2d5a703250872f36eaf737751338",
                "sha256:9c39f92041f490422924dfdb782527a4abddf4707616e07b021de33467f917bc",
                "sha256:a24024d45ce9a675c1fb8494e8e5244efea1c7a09c60beb1eeb80373d0fecc70",
                "sha256:a7ebda398f86e56178c2fa94cad15bf457a218a54a35c2a7b4490b9f9cb2676c",
                "sha256:b360f1b6b2f742781299514e99ff560d1fe9bd1bff2712894b52abe528d1fd1e",
                "sha256:bba1b0c7256ad75401c73e4b3cf09d1f176e9bd4248f0d3112170fb2ec4db067",
                "sha256:c3003652496f6e7c387b1cf63f4bb720951cfa18907e998ea551e6de51a04467",
                "sha256:e53958531a7c695ff66c2e7bb7b79560ffdc562e2051644c5576c39ff8efb563",
                "sha256:e646d8571804a304e1da01040d21577685ce8e2db08ac58e543eaca063453e1c",
                "sha256:e7e76cc48638228212c747ada851ef355c2bb5e7f939e10952bc504c11f4e372",
                "sha256:f5f00ebaf8de24d14b8449981a2842d404152774c1a1d880c901bf454cb8e2a1",
                "sha256:f7ce148dffcd64ade37b2df9315541f9adad6efcaa86866ee7dd5db0c8f041c3"
            ],
            "index": "pypi",
            "markers": "python_version >= '3.9'",
            "version": "==1.12.0"
        },
        "six": {
            "hashes": [
                "sha256:1e61c37477a1626458e36f7b1d82aa5c9b094fa4802892072e49de9c60c4c926",
                "sha256:8abb2f1d86890a2dfb989f9a77cfcfd3e47c2a354b01111771326f8aa26e0254"
            ],
            "markers": "python_version >= '2.7' and python_version not in '3.0, 3.1, 3.2'",
            "version": "==1.16.0"
        },
        "soupsieve": {
            "hashes": [
                "sha256:5663d5a7b3bfaeee0bc4372e7fc48f9cff4940b3eec54a6451cc5299f1097690",
                "sha256:eaa337ff55a1579b6549dc679565eac1e3d000563bcb1c8ab0d0fefbc0c2cdc7"
            ],
            "markers": "python_version >= '3.8'",
            "version": "==2.5"
        },
        "tzdata": {
            "hashes": [
                "sha256:2674120f8d891909751c38abcdfd386ac0a5a1127954fbc332af6b5ceae07efd",
                "sha256:9068bc196136463f5245e51efda838afa15aaeca9903f49050dfa2679db4d252"
            ],
            "markers": "python_version >= '2'",
            "version": "==2024.1"
        },
        "webencodings": {
            "hashes": [
                "sha256:a0af1213f3c2226497a97e2b3aa01a7e4bee4f403f95be16fc9acd2947514a78",
                "sha256:b36a1c245f2d304965eb4e0a82848379241dc04b865afcc4aab16748587e1923"
            ],
            "version": "==0.5.1"
        }
    },
    "develop": {}
}
